
Microsoft Visual Studio Solution File, Format Version 12.00
# Visual Studio Version 16
VisualStudioVersion = 16.0.30503.244
MinimumVisualStudioVersion = 10.0.40219.1
Project("{FAE04EC0-301F-11D3-BF4B-00C04F79EFBC}") = "FileStream_StreamReader", "FileStream_StreamReader\FileStream_StreamReader.csproj", "{8B4D0281-628E-4E36-978D-6C7194B90962}"
EndProject
Global
	GlobalSection(SolutionConfigurationPlatforms) = preSolution
		Debug|Any CPU = Debug|Any CPU
		Release|Any CPU = Release|Any CPU
	EndGlobalSection
	GlobalSection(ProjectConfigurationPlatforms) = postSolution
		{8B4D0281-628E-4E36-978D-6C7194B90962}.Debug|Any CPU.ActiveCfg = Debug|Any CPU
		{8B4D0281-628E-4E36-978D-6C7194B90962}.Debug|Any CPU.Build.0 = Debug|Any CPU
		{8B4D0281-628E-4E36-978D-6C7194B90962}.Release|Any CPU.ActiveCfg = Release|Any CPU
		{8B4D0281-628E-4E36-978D-6C7194B90962}.Release|Any CPU.Build.0 = Release|Any CPU
	EndGlobalSection
	GlobalSection(SolutionProperties) = preSolution
		HideSolutionNode = FALSE
	EndGlobalSection
	GlobalSection(ExtensibilityGlobals) = postSolution
		SolutionGuid = {903DA2D6-CD00-4051-B346-DD27788E1CFE}
	EndGlobalSection
EndGlobal
